
Microsoft Visual Studio Solution File, Format Version 12.00
# Visual Studio Version 17
VisualStudioVersion = 17.5.002.0
MinimumVisualStudioVersion = 10.0.40219.1
Project("{9A19103F-16F7-4668-BE54-9A1E7A4F7556}") = "8.6", "8.6.csproj", "{D1F7FAB7-0165-4042-A879-B9409F5AF802}"
EndProject
Global
	GlobalSection(SolutionConfigurationPlatforms) = preSolution
		Debug|Any CPU = Debug|Any CPU
		Release|Any CPU = Release|Any CPU
	EndGlobalSection
	GlobalSection(ProjectConfigurationPlatforms) = postSolution
		{D1F7FAB7-0165-4042-A879-B9409F5AF802}.Debug|Any CPU.ActiveCfg = Debug|Any CPU
		{D1F7FAB7-0165-4042-A879-B9409F5AF802}.Debug|Any CPU.Build.0 = Debug|Any CPU
		{D1F7FAB7-0165-4042-A879-B9409F5AF802}.Release|Any CPU.ActiveCfg = Release|Any CPU
		{D1F7FAB7-0165-4042-A879-B9409F5AF802}.Release|Any CPU.Build.0 = Release|Any CPU
	EndGlobalSection
	GlobalSection(SolutionProperties) = preSolution
		HideSolutionNode = FALSE
	EndGlobalSection
	GlobalSection(ExtensibilityGlobals) = postSolution
		SolutionGuid = {993E1F76-A5F5-4551-A95C-15F01392C4A4}
	EndGlobalSection
EndGlobal
