
Microsoft Visual Studio Solution File, Format Version 12.00
# Visual Studio Version 17
VisualStudioVersion = 17.5.002.0
MinimumVisualStudioVersion = 10.0.40219.1
Project("{9A19103F-16F7-4668-BE54-9A1E7A4F7556}") = "2.11", "2.11.csproj", "{6A29517B-820A-45F0-A5AA-49D696F57ABC}"
EndProject
Global
	GlobalSection(SolutionConfigurationPlatforms) = preSolution
		Debug|Any CPU = Debug|Any CPU
		Release|Any CPU = Release|Any CPU
	EndGlobalSection
	GlobalSection(ProjectConfigurationPlatforms) = postSolution
		{6A29517B-820A-45F0-A5AA-49D696F57ABC}.Debug|Any CPU.ActiveCfg = Debug|Any CPU
		{6A29517B-820A-45F0-A5AA-49D696F57ABC}.Debug|Any CPU.Build.0 = Debug|Any CPU
		{6A29517B-820A-45F0-A5AA-49D696F57ABC}.Release|Any CPU.ActiveCfg = Release|Any CPU
		{6A29517B-820A-45F0-A5AA-49D696F57ABC}.Release|Any CPU.Build.0 = Release|Any CPU
	EndGlobalSection
	GlobalSection(SolutionProperties) = preSolution
		HideSolutionNode = FALSE
	EndGlobalSection
	GlobalSection(ExtensibilityGlobals) = postSolution
		SolutionGuid = {FC4D9690-C7D4-4053-90C2-83EE6DB4DBA0}
	EndGlobalSection
EndGlobal
