
Microsoft Visual Studio Solution File, Format Version 12.00
# Visual Studio Version 17
VisualStudioVersion = 17.5.002.0
MinimumVisualStudioVersion = 10.0.40219.1
Project("{9A19103F-16F7-4668-BE54-9A1E7A4F7556}") = "7.6", "7.6.csproj", "{26EF7995-B36C-4558-BCCF-307CB3B68B2A}"
EndProject
Global
	GlobalSection(SolutionConfigurationPlatforms) = preSolution
		Debug|Any CPU = Debug|Any CPU
		Release|Any CPU = Release|Any CPU
	EndGlobalSection
	GlobalSection(ProjectConfigurationPlatforms) = postSolution
		{26EF7995-B36C-4558-BCCF-307CB3B68B2A}.Debug|Any CPU.ActiveCfg = Debug|Any CPU
		{26EF7995-B36C-4558-BCCF-307CB3B68B2A}.Debug|Any CPU.Build.0 = Debug|Any CPU
		{26EF7995-B36C-4558-BCCF-307CB3B68B2A}.Release|Any CPU.ActiveCfg = Release|Any CPU
		{26EF7995-B36C-4558-BCCF-307CB3B68B2A}.Release|Any CPU.Build.0 = Release|Any CPU
	EndGlobalSection
	GlobalSection(SolutionProperties) = preSolution
		HideSolutionNode = FALSE
	EndGlobalSection
	GlobalSection(ExtensibilityGlobals) = postSolution
		SolutionGuid = {DEB72F2A-A29F-45AA-97A8-BDA6C983E197}
	EndGlobalSection
EndGlobal
