
Microsoft Visual Studio Solution File, Format Version 12.00
# Visual Studio Version 17
VisualStudioVersion = 17.5.002.0
MinimumVisualStudioVersion = 10.0.40219.1
Project("{9A19103F-16F7-4668-BE54-9A1E7A4F7556}") = "3.4.Variables_sesion", "3.4.Variables_sesion.csproj", "{A88C9EDE-3E94-454B-AA7A-D98BF43D7FB0}"
EndProject
Global
	GlobalSection(SolutionConfigurationPlatforms) = preSolution
		Debug|Any CPU = Debug|Any CPU
		Release|Any CPU = Release|Any CPU
	EndGlobalSection
	GlobalSection(ProjectConfigurationPlatforms) = postSolution
		{A88C9EDE-3E94-454B-AA7A-D98BF43D7FB0}.Debug|Any CPU.ActiveCfg = Debug|Any CPU
		{A88C9EDE-3E94-454B-AA7A-D98BF43D7FB0}.Debug|Any CPU.Build.0 = Debug|Any CPU
		{A88C9EDE-3E94-454B-AA7A-D98BF43D7FB0}.Release|Any CPU.ActiveCfg = Release|Any CPU
		{A88C9EDE-3E94-454B-AA7A-D98BF43D7FB0}.Release|Any CPU.Build.0 = Release|Any CPU
	EndGlobalSection
	GlobalSection(SolutionProperties) = preSolution
		HideSolutionNode = FALSE
	EndGlobalSection
	GlobalSection(ExtensibilityGlobals) = postSolution
		SolutionGuid = {97D17852-5571-4285-9644-ADB7DC93FF45}
	EndGlobalSection
EndGlobal
