
Microsoft Visual Studio Solution File, Format Version 12.00
# Visual Studio Version 17
VisualStudioVersion = 17.5.002.0
MinimumVisualStudioVersion = 10.0.40219.1
Project("{9A19103F-16F7-4668-BE54-9A1E7A4F7556}") = "7.8.5", "7.8.5.csproj", "{603EE40D-CAF2-4CC3-B867-32AC5B01DC22}"
EndProject
Global
	GlobalSection(SolutionConfigurationPlatforms) = preSolution
		Debug|Any CPU = Debug|Any CPU
		Release|Any CPU = Release|Any CPU
	EndGlobalSection
	GlobalSection(ProjectConfigurationPlatforms) = postSolution
		{603EE40D-CAF2-4CC3-B867-32AC5B01DC22}.Debug|Any CPU.ActiveCfg = Debug|Any CPU
		{603EE40D-CAF2-4CC3-B867-32AC5B01DC22}.Debug|Any CPU.Build.0 = Debug|Any CPU
		{603EE40D-CAF2-4CC3-B867-32AC5B01DC22}.Release|Any CPU.ActiveCfg = Release|Any CPU
		{603EE40D-CAF2-4CC3-B867-32AC5B01DC22}.Release|Any CPU.Build.0 = Release|Any CPU
	EndGlobalSection
	GlobalSection(SolutionProperties) = preSolution
		HideSolutionNode = FALSE
	EndGlobalSection
	GlobalSection(ExtensibilityGlobals) = postSolution
		SolutionGuid = {0BE744F0-A5AA-4D1A-86DF-262DEC94F665}
	EndGlobalSection
EndGlobal
